
Microsoft Visual Studio Solution File, Format Version 12.00
# Visual Studio Version 16
VisualStudioVersion = 16.6.30114.105
MinimumVisualStudioVersion = 10.0.40219.1
Project("{FAE04EC0-301F-11D3-BF4B-00C04F79EFBC}") = "BinarySearchTree", "BinarySearchTree\BinarySearchTree.csproj", "{917C166E-22CC-4022-9B66-7C85717D5CB8}"
EndProject
Project("{FAE04EC0-301F-11D3-BF4B-00C04F79EFBC}") = "BinarySearchTreeTests", "BinarySearchTreeTests\BinarySearchTreeTests.csproj", "{78CEFE51-E9E1-46AB-8FA8-B56C40F799A3}"
EndProject
Project("{FAE04EC0-301F-11D3-BF4B-00C04F79EFBC}") = "BinarySearchTreeBenchmark", "BinarySearchTreeBenchmark\BinarySearchTreeBenchmark.csproj", "{3599B6B9-66D7-46E2-846D-C94278812469}"
EndProject
Global
	GlobalSection(SolutionConfigurationPlatforms) = preSolution
		Debug|Any CPU = Debug|Any CPU
		Debug|x64 = Debug|x64
		Debug|x86 = Debug|x86
		Release|Any CPU = Release|Any CPU
		Release|x64 = Release|x64
		Release|x86 = Release|x86
	EndGlobalSection
	GlobalSection(SolutionProperties) = preSolution
		HideSolutionNode = FALSE
	EndGlobalSection
	GlobalSection(ProjectConfigurationPlatforms) = postSolution
		{917C166E-22CC-4022-9B66-7C85717D5CB8}.Debug|Any CPU.ActiveCfg = Debug|Any CPU
		{917C166E-22CC-4022-9B66-7C85717D5CB8}.Debug|Any CPU.Build.0 = Debug|Any CPU
		{917C166E-22CC-4022-9B66-7C85717D5CB8}.Debug|x64.ActiveCfg = Debug|Any CPU
		{917C166E-22CC-4022-9B66-7C85717D5CB8}.Debug|x64.Build.0 = Debug|Any CPU
		{917C166E-22CC-4022-9B66-7C85717D5CB8}.Debug|x86.ActiveCfg = Debug|Any CPU
		{917C166E-22CC-4022-9B66-7C85717D5CB8}.Debug|x86.Build.0 = Debug|Any CPU
		{917C166E-22CC-4022-9B66-7C85717D5CB8}.Release|Any CPU.ActiveCfg = Release|Any CPU
		{917C166E-22CC-4022-9B66-7C85717D5CB8}.Release|Any CPU.Build.0 = Release|Any CPU
		{917C166E-22CC-4022-9B66-7C85717D5CB8}.Release|x64.ActiveCfg = Release|Any CPU
		{917C166E-22CC-4022-9B66-7C85717D5CB8}.Release|x64.Build.0 = Release|Any CPU
		{917C166E-22CC-4022-9B66-7C85717D5CB8}.Release|x86.ActiveCfg = Release|Any CPU
		{917C166E-22CC-4022-9B66-7C85717D5CB8}.Release|x86.Build.0 = Release|Any CPU
		{78CEFE51-E9E1-46AB-8FA8-B56C40F799A3}.Debug|Any CPU.ActiveCfg = Debug|Any CPU
		{78CEFE51-E9E1-46AB-8FA8-B56C40F799A3}.Debug|Any CPU.Build.0 = Debug|Any CPU
		{78CEFE51-E9E1-46AB-8FA8-B56C40F799A3}.Debug|x64.ActiveCfg = Debug|Any CPU
		{78CEFE51-E9E1-46AB-8FA8-B56C40F799A3}.Debug|x64.Build.0 = Debug|Any CPU
		{78CEFE51-E9E1-46AB-8FA8-B56C40F799A3}.Debug|x86.ActiveCfg = Debug|Any CPU
		{78CEFE51-E9E1-46AB-8FA8-B56C40F799A3}.Debug|x86.Build.0 = Debug|Any CPU
		{78CEFE51-E9E1-46AB-8FA8-B56C40F799A3}.Release|Any CPU.ActiveCfg = Release|Any CPU
		{78CEFE51-E9E1-46AB-8FA8-B56C40F799A3}.Release|Any CPU.Build.0 = Release|Any CPU
		{78CEFE51-E9E1-46AB-8FA8-B56C40F799A3}.Release|x64.ActiveCfg = Release|Any CPU
		{78CEFE51-E9E1-46AB-8FA8-B56C40F799A3}.Release|x64.Build.0 = Release|Any CPU
		{78CEFE51-E9E1-46AB-8FA8-B56C40F799A3}.Release|x86.ActiveCfg = Release|Any CPU
		{78CEFE51-E9E1-46AB-8FA8-B56C40F799A3}.Release|x86.Build.0 = Release|Any CPU
		{3599B6B9-66D7-46E2-846D-C94278812469}.Debug|Any CPU.ActiveCfg = Debug|Any CPU
		{3599B6B9-66D7-46E2-846D-C94278812469}.Debug|Any CPU.Build.0 = Debug|Any CPU
		{3599B6B9-66D7-46E2-846D-C94278812469}.Debug|x64.ActiveCfg = Debug|Any CPU
		{3599B6B9-66D7-46E2-846D-C94278812469}.Debug|x64.Build.0 = Debug|Any CPU
		{3599B6B9-66D7-46E2-846D-C94278812469}.Debug|x86.ActiveCfg = Debug|Any CPU
		{3599B6B9-66D7-46E2-846D-C94278812469}.Debug|x86.Build.0 = Debug|Any CPU
		{3599B6B9-66D7-46E2-846D-C94278812469}.Release|Any CPU.ActiveCfg = Release|Any CPU
		{3599B6B9-66D7-46E2-846D-C94278812469}.Release|Any CPU.Build.0 = Release|Any CPU
		{3599B6B9-66D7-46E2-846D-C94278812469}.Release|x64.ActiveCfg = Release|Any CPU
		{3599B6B9-66D7-46E2-846D-C94278812469}.Release|x64.Build.0 = Release|Any CPU
		{3599B6B9-66D7-46E2-846D-C94278812469}.Release|x86.ActiveCfg = Release|Any CPU
		{3599B6B9-66D7-46E2-846D-C94278812469}.Release|x86.Build.0 = Release|Any CPU
	EndGlobalSection
EndGlobal
